
Microsoft Visual Studio Solution File, Format Version 12.00
# Visual Studio Version 17
VisualStudioVersion = 17.4.33110.190
MinimumVisualStudioVersion = 10.0.40219.1
Project("{FAE04EC0-301F-11D3-BF4B-00C04F79EFBC}") = "2", "2.csproj", "{B962E786-DB75-4B35-A335-88D3E703CCFC}"
EndProject
Global
	GlobalSection(SolutionConfigurationPlatforms) = preSolution
		Debug|Any CPU = Debug|Any CPU
		Release|Any CPU = Release|Any CPU
	EndGlobalSection
	GlobalSection(ProjectConfigurationPlatforms) = postSolution
		{B962E786-DB75-4B35-A335-88D3E703CCFC}.Debug|Any CPU.ActiveCfg = Debug|Any CPU
		{B962E786-DB75-4B35-A335-88D3E703CCFC}.Debug|Any CPU.Build.0 = Debug|Any CPU
		{B962E786-DB75-4B35-A335-88D3E703CCFC}.Release|Any CPU.ActiveCfg = Release|Any CPU
		{B962E786-DB75-4B35-A335-88D3E703CCFC}.Release|Any CPU.Build.0 = Release|Any CPU
	EndGlobalSection
	GlobalSection(SolutionProperties) = preSolution
		HideSolutionNode = FALSE
	EndGlobalSection
	GlobalSection(ExtensibilityGlobals) = postSolution
		SolutionGuid = {C74144B3-F72F-43CB-B102-F305E4ED0207}
	EndGlobalSection
EndGlobal
